
Microsoft Visual Studio Solution File, Format Version 12.00
# Visual Studio Version 16
VisualStudioVersion = 16.0.28621.142
MinimumVisualStudioVersion = 10.0.40219.1
Project("{FAE04EC0-301F-11D3-BF4B-00C04F79EFBC}") = "Cheetah.Web", "Cheetah.Web\Cheetah.Web.csproj", "{D6C053B4-2CE4-4BD4-ADAF-9A4BEE07287F}"
EndProject
Project("{2150E333-8FDC-42A3-9474-1A3956D46DE8}") = "Solution Items", "Solution Items", "{1B8AEF25-39DE-44FF-B227-AD2F61B19123}"
	ProjectSection(SolutionItems) = preProject
		Dockerfile = Dockerfile
		README.md = README.md
	EndProjectSection
EndProject
Global
	GlobalSection(SolutionConfigurationPlatforms) = preSolution
		Debug|Any CPU = Debug|Any CPU
		Release|Any CPU = Release|Any CPU
	EndGlobalSection
	GlobalSection(ProjectConfigurationPlatforms) = postSolution
		{D6C053B4-2CE4-4BD4-ADAF-9A4BEE07287F}.Debug|Any CPU.ActiveCfg = Debug|Any CPU
		{D6C053B4-2CE4-4BD4-ADAF-9A4BEE07287F}.Debug|Any CPU.Build.0 = Debug|Any CPU
		{D6C053B4-2CE4-4BD4-ADAF-9A4BEE07287F}.Release|Any CPU.ActiveCfg = Release|Any CPU
		{D6C053B4-2CE4-4BD4-ADAF-9A4BEE07287F}.Release|Any CPU.Build.0 = Release|Any CPU
	EndGlobalSection
	GlobalSection(SolutionProperties) = preSolution
		HideSolutionNode = FALSE
	EndGlobalSection
	GlobalSection(ExtensibilityGlobals) = postSolution
		SolutionGuid = {D5FFC29A-363A-41F3-A29D-E76D641BC295}
	EndGlobalSection
EndGlobal
